# THIS IS AN AUTOGENERATED FILE. DO NOT EDIT THIS FILE DIRECTLY.
# yarn lockfile v1


"@swc-node/core@^1.8.2":
  version "1.8.2"
  resolved "https://registry.yarnpkg.com/@swc-node/core/-/core-1.8.2.tgz#950ad394a8e8385658e6a951ec554bbf61a1693e"
  integrity sha512-IoJ7tGHQ6JOMSmFe4VhP64uLmFKMNasS0QEgUrLFQ0h/dTvpQMynnoGBEJoPL6LfsebZ/q4uKqbpWrth6/yrAA==
  dependencies:
    "@swc/core" "^1.2.119"

"@swc-node/register@^1.4.2":
  version "1.4.2"
  resolved "https://registry.yarnpkg.com/@swc-node/register/-/register-1.4.2.tgz#98801cc5ad8792519511bd6ae31c01f40aa487a3"
  integrity sha512-wLZz0J7BTO//1Eq7e4eBQjKF380Hr2eVemz849msQSKcVM1D7UJUt/dP2TinEVGx++/BXJ/0q37i6n9Iw0EM0w==
  dependencies:
    "@swc-node/core" "^1.8.2"
    "@swc-node/sourcemap-support" "^0.1.11"
    chalk "4"
    debug "^4.3.3"
    pirates "^4.0.4"
    tslib "^2.3.1"
    typescript "^4.5.3"

"@swc-node/sourcemap-support@^0.1.11":
  version "0.1.11"
  resolved "https://registry.yarnpkg.com/@swc-node/sourcemap-support/-/sourcemap-support-0.1.11.tgz#50cda396baade0636e8f53596b7a66386490c06d"
  integrity sha512-b+Mn3oQl+7nUSt7hPzIbY9B30YhcFo1PT4kd9P4QmD6raycmIealOAhAdZID/JevphzsOXHQB4OqJm7Yi5tMcA==
  dependencies:
    source-map-support "^0.5.21"

"@swc/core-android-arm-eabi@1.2.165":
  version "1.2.165"
  resolved "https://registry.yarnpkg.com/@swc/core-android-arm-eabi/-/core-android-arm-eabi-1.2.165.tgz#8fb8a8f15cd0a1d68b0d4056e03701f4027bed0b"
  integrity sha512-DjX1/5qElHOnlrqhefcZsD1LEspJWDLpW31SKv9cNT2T13U76MkcrHi5ePI50NhG/bWDpHuWFWfuEmgcU+mwHA==

"@swc/core-android-arm64@1.2.165":
  version "1.2.165"
  resolved "https://registry.yarnpkg.com/@swc/core-android-arm64/-/core-android-arm64-1.2.165.tgz#14a2f0c3445929ac607a89e389c5dd8754a9fce4"
  integrity sha512-lPgG+td9/JlV3ZQiHZtdtqn+lZzGly+s/VQXfnaXgaHQE4JjWU2B4rhTVkVOQxEYbA/Cd9pszNWWxjJSrXytMA==

"@swc/core-darwin-arm64@1.2.165":
  version "1.2.165"
  resolved "https://registry.yarnpkg.com/@swc/core-darwin-arm64/-/core-darwin-arm64-1.2.165.tgz#296365622287d5019d193480ee7deafc0c1ff94f"
  integrity sha512-O6eFbCD4lZ4ZW2E1a4CsIo3zVTI5Tu2MpTbaVan7LvYyv2RK+tot9xjysVbOx/1nfgYDym9JLHU9gY/ayrdOtA==

"@swc/core-darwin-x64@1.2.165":
  version "1.2.165"
  resolved "https://registry.yarnpkg.com/@swc/core-darwin-x64/-/core-darwin-x64-1.2.165.tgz#4e80d654287f65ea1cb842ca213692ebcaa0cac0"
  integrity sha512-R1WRiDnkmXWBkyNGR09WDq+mCFIujhdUs3e4QiHJih1HY2rKGXU0SZKoqaBTjeVerk/IYXaEnZM3Bx7sb0oyEQ==

"@swc/core-freebsd-x64@1.2.165":
  version "1.2.165"
  resolved "https://registry.yarnpkg.com/@swc/core-freebsd-x64/-/core-freebsd-x64-1.2.165.tgz#7f37255bad9958ef90e6367b7f3f9a329f913983"
  integrity sha512-bL7Jxy2is/+YLZedQsF5a7swpbq9RGsvtXJmx5Bi0JqaavqWpbICmQtTr9I2S97taw16S/k8vOJ6DPzEvgJWWQ==

"@swc/core-linux-arm-gnueabihf@1.2.165":
  version "1.2.165"
  resolved "https://registry.yarnpkg.com/@swc/core-linux-arm-gnueabihf/-/core-linux-arm-gnueabihf-1.2.165.tgz#bd576c091b0d76a8250d540b4d570cd12cfd9d2d"
  integrity sha512-6m+X7a0iw5G97WfkJBKNy7/KfSEivRVRHbWB4VvJgRanNIO4tb//LxlUJFn58frQJg+H7bMFyOXhDJ/taRYAyg==

"@swc/core-linux-arm64-gnu@1.2.165":
  version "1.2.165"
  resolved "https://registry.yarnpkg.com/@swc/core-linux-arm64-gnu/-/core-linux-arm64-gnu-1.2.165.tgz#9f3c6e4cdffa2084aa8ec24c36f5d1e69b408b78"
  integrity sha512-4roZScf8UZLhKTYBEqqbTNasZPqs3zDA2LF+SJuc4eFUGJyyrl9KgeVC08vTMtkAI47EebT15FgcQ+9LhtMlkg==

"@swc/core-linux-arm64-musl@1.2.165":
  version "1.2.165"
  resolved "https://registry.yarnpkg.com/@swc/core-linux-arm64-musl/-/core-linux-arm64-musl-1.2.165.tgz#a99234b7c543b692d28dc66dbceec45cd3597a48"
  integrity sha512-xM5MDECEnptdsClSitld/f+azudbkeT8nNCkXCP+vFsurex9ISJ2DCWTvw7hgpkFElVv/qFEagDCucgESHcUzw==

"@swc/core-linux-x64-gnu@1.2.165":
  version "1.2.165"
  resolved "https://registry.yarnpkg.com/@swc/core-linux-x64-gnu/-/core-linux-x64-gnu-1.2.165.tgz#646b0dfaf673ae7d6eeace5a8b62a7d1d6b82b45"
  integrity sha512-MTEhtso3De+HP+qZKZw1DfPTbngn4ms3+7XG6jqUs6CKpmLTJkvnpPJ5swlXGvpKyDq367O2Aicft52Uoaoq+Q==

"@swc/core-linux-x64-musl@1.2.165":
  version "1.2.165"
  resolved "https://registry.yarnpkg.com/@swc/core-linux-x64-musl/-/core-linux-x64-musl-1.2.165.tgz#42fc808aa176c6615064e6fd171f0ea6775105bd"
  integrity sha512-T2ZSApYoK4VTMTTqhUKcrNcv68ChoAOZDKUNfOik8zXcN1pMttus/VaqfZjxT2+orviRTD5Bkdsc3UvrhHqHnw==

"@swc/core-win32-arm64-msvc@1.2.165":
  version "1.2.165"
  resolved "https://registry.yarnpkg.com/@swc/core-win32-arm64-msvc/-/core-win32-arm64-msvc-1.2.165.tgz#932056556bb5fcc062075a3cbed9281961abd170"
  integrity sha512-Icg6dtQpQZKjAUG6kME4WuYpG6cqZjUzzmiZPQ9wWOw7wY8EYFPwC2ZjTg8KwbOJFkAKN6cjk3O2IAFsOWuUGg==

"@swc/core-win32-ia32-msvc@1.2.165":
  version "1.2.165"
  resolved "https://registry.yarnpkg.com/@swc/core-win32-ia32-msvc/-/core-win32-ia32-msvc-1.2.165.tgz#66660c20beec35b777e9bade6c4b9ef4b8eb4e6d"
  integrity sha512-ldrTYG1zydyJP54YmYie3VMGcU7gCT2dZ7S1uZ1Tab+10GzZtdvePGGlQ/39jJVpr36/DZ34L6PsjwQkPG7AOw==

"@swc/core-win32-x64-msvc@1.2.165":
  version "1.2.165"
  resolved "https://registry.yarnpkg.com/@swc/core-win32-x64-msvc/-/core-win32-x64-msvc-1.2.165.tgz#ea864711b177ce20bf9028ba55d13c531897afae"
  integrity sha512-gi2ZELsRLC3RfQFk+qwccL0VZ6ZgprMOP/phCVd8sA2MZsVVrFu6QBEJNGO0Z6hEqQ2BWrva6+cMF/eHSzuAsQ==

"@swc/core@^1.2.119":
  version "1.2.165"
  resolved "https://registry.yarnpkg.com/@swc/core/-/core-1.2.165.tgz#bb12edd47ce556a0fd3405869cfe7c245957caf9"
  integrity sha512-+Z/FquMEUQLOOVWJY4B2QnHvcAIgBKKJMVtVQLVlIwfC4Ez8OvzGPTfL1W4ixYlUoIaTbAd1956kjBXalr4wEg==
  optionalDependencies:
    "@swc/core-android-arm-eabi" "1.2.165"
    "@swc/core-android-arm64" "1.2.165"
    "@swc/core-darwin-arm64" "1.2.165"
    "@swc/core-darwin-x64" "1.2.165"
    "@swc/core-freebsd-x64" "1.2.165"
    "@swc/core-linux-arm-gnueabihf" "1.2.165"
    "@swc/core-linux-arm64-gnu" "1.2.165"
    "@swc/core-linux-arm64-musl" "1.2.165"
    "@swc/core-linux-x64-gnu" "1.2.165"
    "@swc/core-linux-x64-musl" "1.2.165"
    "@swc/core-win32-arm64-msvc" "1.2.165"
    "@swc/core-win32-ia32-msvc" "1.2.165"
    "@swc/core-win32-x64-msvc" "1.2.165"

"@types/node@^17.0.24":
  version "17.0.24"
  resolved "https://registry.yarnpkg.com/@types/node/-/node-17.0.24.tgz#20ba1bf69c1b4ab405c7a01e950c4f446b05029f"
  integrity sha512-aveCYRQbgTH9Pssp1voEP7HiuWlD2jW2BO56w+bVrJn04i61yh6mRfoKO6hEYQD9vF+W8Chkwc6j1M36uPkx4g==

ansi-styles@^4.1.0:
  version "4.3.0"
  resolved "https://registry.yarnpkg.com/ansi-styles/-/ansi-styles-4.3.0.tgz#edd803628ae71c04c85ae7a0906edad34b648937"
  integrity sha512-zbB9rCJAT1rbjiVDb2hqKFHNYLxgtk8NURxZ3IZwD3F6NtxbXZQCnnSi1Lkx+IDohdPlFp222wVALIheZJQSEg==
  dependencies:
    color-convert "^2.0.1"

buffer-from@^1.0.0:
  version "1.1.2"
  resolved "https://registry.yarnpkg.com/buffer-from/-/buffer-from-1.1.2.tgz#2b146a6fd72e80b4f55d255f35ed59a3a9a41bd5"
  integrity sha512-E+XQCRwSbaaiChtv6k6Dwgc+bx+Bs6vuKJHHl5kox/BaKbhiXzqQOwK4cO22yElGp2OCmjwVhT3HmxgyPGnJfQ==

chalk@4:
  version "4.1.2"
  resolved "https://registry.yarnpkg.com/chalk/-/chalk-4.1.2.tgz#aac4e2b7734a740867aeb16bf02aad556a1e7a01"
  integrity sha512-oKnbhFyRIXpUuez8iBMmyEa4nbj4IOQyuhc/wy9kY7/WVPcwIO9VA668Pu8RkO7+0G76SLROeyw9CpQ061i4mA==
  dependencies:
    ansi-styles "^4.1.0"
    supports-color "^7.1.0"

color-convert@^2.0.1:
  version "2.0.1"
  resolved "https://registry.yarnpkg.com/color-convert/-/color-convert-2.0.1.tgz#72d3a68d598c9bdb3af2ad1e84f21d896abd4de3"
  integrity sha512-RRECPsj7iu/xb5oKYcsFHSppFNnsj/52OVTRKb4zP5onXwVF3zVmmToNcOfGC+CRDpfK/U584fMg38ZHCaElKQ==
  dependencies:
    color-name "~1.1.4"

color-name@~1.1.4:
  version "1.1.4"
  resolved "https://registry.yarnpkg.com/color-name/-/color-name-1.1.4.tgz#c2a09a87acbde69543de6f63fa3995c826c536a2"
  integrity sha512-dOy+3AuW3a2wNbZHIuMZpTcgjGuLU/uBL/ubcZF9OXbDo8ff4O8yVp5Bf0efS8uEoYo5q4Fx7dY9OgQGXgAsQA==

debug@^4.3.3:
  version "4.3.4"
  resolved "https://registry.yarnpkg.com/debug/-/debug-4.3.4.tgz#1319f6579357f2338d3337d2cdd4914bb5dcc865"
  integrity sha512-PRWFHuSU3eDtQJPvnNY7Jcket1j0t5OuOsFzPPzsekD52Zl8qUfFIPEiswXqIvHWGVHOgX+7G/vCNNhehwxfkQ==
  dependencies:
    ms "2.1.2"

has-flag@^4.0.0:
  version "4.0.0"
  resolved "https://registry.yarnpkg.com/has-flag/-/has-flag-4.0.0.tgz#944771fd9c81c81265c4d6941860da06bb59479b"
  integrity sha512-EykJT/Q1KjTWctppgIAgfSO0tKVuZUjhgMr17kqTumMl6Afv3EISleU7qZUzoXDFTAHTDC4NOoG/ZxU3EvlMPQ==

ms@2.1.2:
  version "2.1.2"
  resolved "https://registry.yarnpkg.com/ms/-/ms-2.1.2.tgz#d09d1f357b443f493382a8eb3ccd183872ae6009"
  integrity sha512-sGkPx+VjMtmA6MX27oA4FBFELFCZZ4S4XqeGOXCv68tT+jb3vk/RyaKWP0PTKyWtmLSM0b+adUTEvbs1PEaH2w==

pirates@^4.0.4:
  version "4.0.5"
  resolved "https://registry.yarnpkg.com/pirates/-/pirates-4.0.5.tgz#feec352ea5c3268fb23a37c702ab1699f35a5f3b"
  integrity sha512-8V9+HQPupnaXMA23c5hvl69zXvTwTzyAYasnkb0Tts4XvO4CliqONMOnvlq26rkhLC3nWDFBJf73LU1e1VZLaQ==

source-map-support@^0.5.21:
  version "0.5.21"
  resolved "https://registry.yarnpkg.com/source-map-support/-/source-map-support-0.5.21.tgz#04fe7c7f9e1ed2d662233c28cb2b35b9f63f6e4f"
  integrity sha512-uBHU3L3czsIyYXKX88fdrGovxdSCoTGDRZ6SYXtSRxLZUzHg5P/66Ht6uoUlHu9EZod+inXhKo3qQgwXUT/y1w==
  dependencies:
    buffer-from "^1.0.0"
    source-map "^0.6.0"

source-map@^0.6.0:
  version "0.6.1"
  resolved "https://registry.yarnpkg.com/source-map/-/source-map-0.6.1.tgz#74722af32e9614e9c287a8d0bbde48b5e2f1a263"
  integrity sha512-UjgapumWlbMhkBgzT7Ykc5YXUT46F0iKu8SGXq0bcwP5dz/h0Plj6enJqjz1Zbq2l5WaqYnrVbwWOWMyF3F47g==

supports-color@^7.1.0:
  version "7.2.0"
  resolved "https://registry.yarnpkg.com/supports-color/-/supports-color-7.2.0.tgz#1b7dcdcb32b8138801b3e478ba6a51caa89648da"
  integrity sha512-qpCAvRl9stuOHveKsn7HncJRvv501qIacKzQlO/+Lwxc9+0q2wLyv4Dfvt80/DPn2pqOBsJdDiogXGR9+OvwRw==
  dependencies:
    has-flag "^4.0.0"

tslib@^2.3.1:
  version "2.3.1"
  resolved "https://registry.yarnpkg.com/tslib/-/tslib-2.3.1.tgz#e8a335add5ceae51aa261d32a490158ef042ef01"
  integrity sha512-77EbyPPpMz+FRFRuAFlWMtmgUWGe9UOG2Z25NqCwiIjRhOf5iKGuzSe5P2w1laq+FkRy4p+PCuVkJSGkzTEKVw==

typescript@^4.5.3, typescript@^4.6.3:
  version "4.6.3"
  resolved "https://registry.yarnpkg.com/typescript/-/typescript-4.6.3.tgz#eefeafa6afdd31d725584c67a0eaba80f6fc6c6c"
  integrity sha512-yNIatDa5iaofVozS/uQJEl3JRWLKKGJKh6Yaiv0GLGSuhpFJe7P3SbHZ8/yjAHRQwKRoA6YZqlfjXWmVzoVSMw==
